
Microsoft Visual Studio Solution File, Format Version 12.00
# Visual Studio Version 16
VisualStudioVersion = 16.0.32106.194
MinimumVisualStudioVersion = 10.0.40219.1
Project("{FAE04EC0-301F-11D3-BF4B-00C04F79EFBC}") = "Clouds_AWS", "Clouds_AWS\Clouds_AWS.csproj", "{798A3434-9B87-4B0A-8FE3-55C9858FF634}"
EndProject
Global
	GlobalSection(SolutionConfigurationPlatforms) = preSolution
		Debug|Any CPU = Debug|Any CPU
		Release|Any CPU = Release|Any CPU
	EndGlobalSection
	GlobalSection(ProjectConfigurationPlatforms) = postSolution
		{798A3434-9B87-4B0A-8FE3-55C9858FF634}.Debug|Any CPU.ActiveCfg = Debug|Any CPU
		{798A3434-9B87-4B0A-8FE3-55C9858FF634}.Debug|Any CPU.Build.0 = Debug|Any CPU
		{798A3434-9B87-4B0A-8FE3-55C9858FF634}.Release|Any CPU.ActiveCfg = Release|Any CPU
		{798A3434-9B87-4B0A-8FE3-55C9858FF634}.Release|Any CPU.Build.0 = Release|Any CPU
	EndGlobalSection
	GlobalSection(SolutionProperties) = preSolution
		HideSolutionNode = FALSE
	EndGlobalSection
	GlobalSection(ExtensibilityGlobals) = postSolution
		SolutionGuid = {C5E11F19-425D-4769-B258-79DE5DAC4635}
	EndGlobalSection
EndGlobal
